
Microsoft Visual Studio Solution File, Format Version 12.00
# Visual Studio Version 17
VisualStudioVersion = 17.1.32407.343
MinimumVisualStudioVersion = 10.0.40219.1
Project("{FAE04EC0-301F-11D3-BF4B-00C04F79EFBC}") = "Question 2", "Question 2\Question 2.csproj", "{20AC30F6-A2AA-4F68-8DBD-67446B4842DB}"
EndProject
Global
	GlobalSection(SolutionConfigurationPlatforms) = preSolution
		Debug|Any CPU = Debug|Any CPU
		Release|Any CPU = Release|Any CPU
	EndGlobalSection
	GlobalSection(ProjectConfigurationPlatforms) = postSolution
		{20AC30F6-A2AA-4F68-8DBD-67446B4842DB}.Debug|Any CPU.ActiveCfg = Debug|Any CPU
		{20AC30F6-A2AA-4F68-8DBD-67446B4842DB}.Debug|Any CPU.Build.0 = Debug|Any CPU
		{20AC30F6-A2AA-4F68-8DBD-67446B4842DB}.Release|Any CPU.ActiveCfg = Release|Any CPU
		{20AC30F6-A2AA-4F68-8DBD-67446B4842DB}.Release|Any CPU.Build.0 = Release|Any CPU
	EndGlobalSection
	GlobalSection(SolutionProperties) = preSolution
		HideSolutionNode = FALSE
	EndGlobalSection
	GlobalSection(ExtensibilityGlobals) = postSolution
		SolutionGuid = {2A50D5A0-3182-446C-A50D-6525E55F12F0}
	EndGlobalSection
EndGlobal
